
Microsoft Visual Studio Solution File, Format Version 12.00
# Visual Studio Version 16
VisualStudioVersion = 16.0.34031.81
MinimumVisualStudioVersion = 10.0.40219.1
Project("{FAE04EC0-301F-11D3-BF4B-00C04F79EFBC}") = "multicch", "multicch\multicch.csproj", "{A8261509-4AC4-4BE4-B0FB-0DEC4DC3238E}"
EndProject
Global
	GlobalSection(SolutionConfigurationPlatforms) = preSolution
		Debug|Any CPU = Debug|Any CPU
		Release|Any CPU = Release|Any CPU
	EndGlobalSection
	GlobalSection(ProjectConfigurationPlatforms) = postSolution
		{A8261509-4AC4-4BE4-B0FB-0DEC4DC3238E}.Debug|Any CPU.ActiveCfg = Debug|Any CPU
		{A8261509-4AC4-4BE4-B0FB-0DEC4DC3238E}.Debug|Any CPU.Build.0 = Debug|Any CPU
		{A8261509-4AC4-4BE4-B0FB-0DEC4DC3238E}.Release|Any CPU.ActiveCfg = Release|Any CPU
		{A8261509-4AC4-4BE4-B0FB-0DEC4DC3238E}.Release|Any CPU.Build.0 = Release|Any CPU
	EndGlobalSection
	GlobalSection(SolutionProperties) = preSolution
		HideSolutionNode = FALSE
	EndGlobalSection
	GlobalSection(ExtensibilityGlobals) = postSolution
		SolutionGuid = {4EC29AC3-73DE-47AD-8758-7EE2EDC7A703}
	EndGlobalSection
EndGlobal
